
Microsoft Visual Studio Solution File, Format Version 12.00
# Visual Studio 2017
Project("{FAE04EC0-301F-11D3-BF4B-00C04F79EFBC}") = "HackerLabsBatmanCowl", "HackerLabsBatmanCowl.csproj", "{7C0604FC-694E-F3FA-DF3A-98F379B7F095}"
EndProject
Project("{FAE04EC0-301F-11D3-BF4B-00C04F79EFBC}") = "HackerLabsBatmanCowl.Editor", "HackerLabsBatmanCowl.Editor.csproj", "{CE5D7614-1D87-9651-3DD0-D0C2D515EBF2}"
EndProject
Global
	GlobalSection(SolutionConfigurationPlatforms) = preSolution
		Debug|Any CPU = Debug|Any CPU
		Release|Any CPU = Release|Any CPU
	EndGlobalSection
	GlobalSection(ProjectConfigurationPlatforms) = postSolution
		{7C0604FC-694E-F3FA-DF3A-98F379B7F095}.Debug|Any CPU.ActiveCfg = Debug|Any CPU
		{7C0604FC-694E-F3FA-DF3A-98F379B7F095}.Debug|Any CPU.Build.0 = Debug|Any CPU
		{7C0604FC-694E-F3FA-DF3A-98F379B7F095}.Release|Any CPU.ActiveCfg = Release|Any CPU
		{7C0604FC-694E-F3FA-DF3A-98F379B7F095}.Release|Any CPU.Build.0 = Release|Any CPU
		{CE5D7614-1D87-9651-3DD0-D0C2D515EBF2}.Debug|Any CPU.ActiveCfg = Debug|Any CPU
		{CE5D7614-1D87-9651-3DD0-D0C2D515EBF2}.Debug|Any CPU.Build.0 = Debug|Any CPU
		{CE5D7614-1D87-9651-3DD0-D0C2D515EBF2}.Release|Any CPU.ActiveCfg = Release|Any CPU
		{CE5D7614-1D87-9651-3DD0-D0C2D515EBF2}.Release|Any CPU.Build.0 = Release|Any CPU
	EndGlobalSection
	GlobalSection(SolutionProperties) = preSolution
		HideSolutionNode = FALSE
	EndGlobalSection
EndGlobal
